
Microsoft Visual Studio Solution File, Format Version 12.00
# Visual Studio Version 16
VisualStudioVersion = 16.0.34114.132
MinimumVisualStudioVersion = 10.0.40219.1
Project("{FAE04EC0-301F-11D3-BF4B-00C04F79EFBC}") = "zadanie3-tdd", "zadanie3-tdd\zadanie3-tdd.csproj", "{708E094F-B908-4579-A441-4A480EDA325F}"
EndProject
Project("{FAE04EC0-301F-11D3-BF4B-00C04F79EFBC}") = "zadanie3-tdd.Test", "zadanie3-tdd.Test\zadanie3-tdd.Test.csproj", "{880B338D-F20F-42EF-B290-42A3FF34C8B8}"
EndProject
Global
	GlobalSection(SolutionConfigurationPlatforms) = preSolution
		Debug|Any CPU = Debug|Any CPU
		Release|Any CPU = Release|Any CPU
	EndGlobalSection
	GlobalSection(ProjectConfigurationPlatforms) = postSolution
		{708E094F-B908-4579-A441-4A480EDA325F}.Debug|Any CPU.ActiveCfg = Debug|Any CPU
		{708E094F-B908-4579-A441-4A480EDA325F}.Debug|Any CPU.Build.0 = Debug|Any CPU
		{708E094F-B908-4579-A441-4A480EDA325F}.Release|Any CPU.ActiveCfg = Release|Any CPU
		{708E094F-B908-4579-A441-4A480EDA325F}.Release|Any CPU.Build.0 = Release|Any CPU
		{880B338D-F20F-42EF-B290-42A3FF34C8B8}.Debug|Any CPU.ActiveCfg = Debug|Any CPU
		{880B338D-F20F-42EF-B290-42A3FF34C8B8}.Debug|Any CPU.Build.0 = Debug|Any CPU
		{880B338D-F20F-42EF-B290-42A3FF34C8B8}.Release|Any CPU.ActiveCfg = Release|Any CPU
		{880B338D-F20F-42EF-B290-42A3FF34C8B8}.Release|Any CPU.Build.0 = Release|Any CPU
	EndGlobalSection
	GlobalSection(SolutionProperties) = preSolution
		HideSolutionNode = FALSE
	EndGlobalSection
	GlobalSection(ExtensibilityGlobals) = postSolution
		SolutionGuid = {0FB266B5-50EE-42A1-914F-6C43E437C957}
	EndGlobalSection
EndGlobal
