
Microsoft Visual Studio Solution File, Format Version 12.00
# Visual Studio Version 16
VisualStudioVersion = 16.0.34114.132
MinimumVisualStudioVersion = 10.0.40219.1
Project("{9A19103F-16F7-4668-BE54-9A1E7A4F7556}") = "zadanie4", "zadanie4\zadanie4.csproj", "{E572A449-8154-4561-804D-75332DCED9EF}"
EndProject
Project("{FAE04EC0-301F-11D3-BF4B-00C04F79EFBC}") = "zadanie4Test", "zadanie4Test\zadanie4Test.csproj", "{58208107-B164-4AA2-9F0D-095B1EB8EEAE}"
EndProject
Global
	GlobalSection(SolutionConfigurationPlatforms) = preSolution
		Debug|Any CPU = Debug|Any CPU
		Release|Any CPU = Release|Any CPU
	EndGlobalSection
	GlobalSection(ProjectConfigurationPlatforms) = postSolution
		{E572A449-8154-4561-804D-75332DCED9EF}.Debug|Any CPU.ActiveCfg = Debug|Any CPU
		{E572A449-8154-4561-804D-75332DCED9EF}.Debug|Any CPU.Build.0 = Debug|Any CPU
		{E572A449-8154-4561-804D-75332DCED9EF}.Release|Any CPU.ActiveCfg = Release|Any CPU
		{E572A449-8154-4561-804D-75332DCED9EF}.Release|Any CPU.Build.0 = Release|Any CPU
		{58208107-B164-4AA2-9F0D-095B1EB8EEAE}.Debug|Any CPU.ActiveCfg = Debug|Any CPU
		{58208107-B164-4AA2-9F0D-095B1EB8EEAE}.Debug|Any CPU.Build.0 = Debug|Any CPU
		{58208107-B164-4AA2-9F0D-095B1EB8EEAE}.Release|Any CPU.ActiveCfg = Release|Any CPU
		{58208107-B164-4AA2-9F0D-095B1EB8EEAE}.Release|Any CPU.Build.0 = Release|Any CPU
	EndGlobalSection
	GlobalSection(SolutionProperties) = preSolution
		HideSolutionNode = FALSE
	EndGlobalSection
	GlobalSection(ExtensibilityGlobals) = postSolution
		SolutionGuid = {97C7F1E9-0E35-4E79-8166-A2583FF26BBD}
	EndGlobalSection
EndGlobal
